
Microsoft Visual Studio Solution File, Format Version 12.00
# Visual Studio Version 16
VisualStudioVersion = 16.0.29424.173
MinimumVisualStudioVersion = 10.0.40219.1
Project("{9A19103F-16F7-4668-BE54-9A1E7A4F7556}") = "MH.UsePatterns", "MH.UsePatterns\MH.UsePatterns.csproj", "{925CB399-9DBF-437A-92C0-3FF3EBCD0C5A}"
EndProject
Project("{2150E333-8FDC-42A3-9474-1A3956D46DE8}") = "Patterns", "Patterns", "{7D944330-6CC2-47F2-8873-F987002529D1}"
EndProject
Project("{9A19103F-16F7-4668-BE54-9A1E7A4F7556}") = "MH.AbstractFactory", "Patterns\MH.AbstractFactory\MH.AbstractFactory.csproj", "{6F7E8042-0DF1-46EB-B980-E00BC145ABD8}"
EndProject
Project("{9A19103F-16F7-4668-BE54-9A1E7A4F7556}") = "MH.Builder", "Patterns\MH.Builder\MH.Builder.csproj", "{A7580237-5956-4D51-877F-E26F0668A4EA}"
EndProject
Project("{9A19103F-16F7-4668-BE54-9A1E7A4F7556}") = "MH.ChainOfResponsibility", "Patterns\MH.ChainOfResponsibility\MH.ChainOfResponsibility.csproj", "{0A066F85-34E4-486A-BDE8-F3B054EAEE5D}"
EndProject
Project("{9A19103F-16F7-4668-BE54-9A1E7A4F7556}") = "MH.Decorator", "Patterns\MH.Decorator\MH.Decorator.csproj", "{68BA1598-1595-4596-BF39-0BCCDB5A1782}"
EndProject
Project("{9A19103F-16F7-4668-BE54-9A1E7A4F7556}") = "MH.FactoryMethod", "Patterns\MH.FactoryMethod\MH.FactoryMethod.csproj", "{FECA642D-55CD-4DF7-962C-68E7F5C2AD29}"
EndProject
Project("{9A19103F-16F7-4668-BE54-9A1E7A4F7556}") = "MH.Mediator", "Patterns\MH.Mediator\MH.Mediator.csproj", "{11C194AF-7115-4E2C-A8CB-252BC426503F}"
EndProject
Project("{9A19103F-16F7-4668-BE54-9A1E7A4F7556}") = "MH.SimpleFactory", "Patterns\MH.SimpleFactory\MH.SimpleFactory.csproj", "{747EE97E-B384-4F60-8607-61D34D20AFC6}"
EndProject
Global
	GlobalSection(SolutionConfigurationPlatforms) = preSolution
		Debug|Any CPU = Debug|Any CPU
		Release|Any CPU = Release|Any CPU
	EndGlobalSection
	GlobalSection(ProjectConfigurationPlatforms) = postSolution
		{925CB399-9DBF-437A-92C0-3FF3EBCD0C5A}.Debug|Any CPU.ActiveCfg = Debug|Any CPU
		{925CB399-9DBF-437A-92C0-3FF3EBCD0C5A}.Debug|Any CPU.Build.0 = Debug|Any CPU
		{925CB399-9DBF-437A-92C0-3FF3EBCD0C5A}.Release|Any CPU.ActiveCfg = Release|Any CPU
		{925CB399-9DBF-437A-92C0-3FF3EBCD0C5A}.Release|Any CPU.Build.0 = Release|Any CPU
		{6F7E8042-0DF1-46EB-B980-E00BC145ABD8}.Debug|Any CPU.ActiveCfg = Debug|Any CPU
		{6F7E8042-0DF1-46EB-B980-E00BC145ABD8}.Debug|Any CPU.Build.0 = Debug|Any CPU
		{6F7E8042-0DF1-46EB-B980-E00BC145ABD8}.Release|Any CPU.ActiveCfg = Release|Any CPU
		{6F7E8042-0DF1-46EB-B980-E00BC145ABD8}.Release|Any CPU.Build.0 = Release|Any CPU
		{A7580237-5956-4D51-877F-E26F0668A4EA}.Debug|Any CPU.ActiveCfg = Debug|Any CPU
		{A7580237-5956-4D51-877F-E26F0668A4EA}.Debug|Any CPU.Build.0 = Debug|Any CPU
		{A7580237-5956-4D51-877F-E26F0668A4EA}.Release|Any CPU.ActiveCfg = Release|Any CPU
		{A7580237-5956-4D51-877F-E26F0668A4EA}.Release|Any CPU.Build.0 = Release|Any CPU
		{0A066F85-34E4-486A-BDE8-F3B054EAEE5D}.Debug|Any CPU.ActiveCfg = Debug|Any CPU
		{0A066F85-34E4-486A-BDE8-F3B054EAEE5D}.Debug|Any CPU.Build.0 = Debug|Any CPU
		{0A066F85-34E4-486A-BDE8-F3B054EAEE5D}.Release|Any CPU.ActiveCfg = Release|Any CPU
		{0A066F85-34E4-486A-BDE8-F3B054EAEE5D}.Release|Any CPU.Build.0 = Release|Any CPU
		{68BA1598-1595-4596-BF39-0BCCDB5A1782}.Debug|Any CPU.ActiveCfg = Debug|Any CPU
		{68BA1598-1595-4596-BF39-0BCCDB5A1782}.Debug|Any CPU.Build.0 = Debug|Any CPU
		{68BA1598-1595-4596-BF39-0BCCDB5A1782}.Release|Any CPU.ActiveCfg = Release|Any CPU
		{68BA1598-1595-4596-BF39-0BCCDB5A1782}.Release|Any CPU.Build.0 = Release|Any CPU
		{FECA642D-55CD-4DF7-962C-68E7F5C2AD29}.Debug|Any CPU.ActiveCfg = Debug|Any CPU
		{FECA642D-55CD-4DF7-962C-68E7F5C2AD29}.Debug|Any CPU.Build.0 = Debug|Any CPU
		{FECA642D-55CD-4DF7-962C-68E7F5C2AD29}.Release|Any CPU.ActiveCfg = Release|Any CPU
		{FECA642D-55CD-4DF7-962C-68E7F5C2AD29}.Release|Any CPU.Build.0 = Release|Any CPU
		{11C194AF-7115-4E2C-A8CB-252BC426503F}.Debug|Any CPU.ActiveCfg = Debug|Any CPU
		{11C194AF-7115-4E2C-A8CB-252BC426503F}.Debug|Any CPU.Build.0 = Debug|Any CPU
		{11C194AF-7115-4E2C-A8CB-252BC426503F}.Release|Any CPU.ActiveCfg = Release|Any CPU
		{11C194AF-7115-4E2C-A8CB-252BC426503F}.Release|Any CPU.Build.0 = Release|Any CPU
		{747EE97E-B384-4F60-8607-61D34D20AFC6}.Debug|Any CPU.ActiveCfg = Debug|Any CPU
		{747EE97E-B384-4F60-8607-61D34D20AFC6}.Debug|Any CPU.Build.0 = Debug|Any CPU
		{747EE97E-B384-4F60-8607-61D34D20AFC6}.Release|Any CPU.ActiveCfg = Release|Any CPU
		{747EE97E-B384-4F60-8607-61D34D20AFC6}.Release|Any CPU.Build.0 = Release|Any CPU
	EndGlobalSection
	GlobalSection(SolutionProperties) = preSolution
		HideSolutionNode = FALSE
	EndGlobalSection
	GlobalSection(NestedProjects) = preSolution
		{6F7E8042-0DF1-46EB-B980-E00BC145ABD8} = {7D944330-6CC2-47F2-8873-F987002529D1}
		{A7580237-5956-4D51-877F-E26F0668A4EA} = {7D944330-6CC2-47F2-8873-F987002529D1}
		{0A066F85-34E4-486A-BDE8-F3B054EAEE5D} = {7D944330-6CC2-47F2-8873-F987002529D1}
		{68BA1598-1595-4596-BF39-0BCCDB5A1782} = {7D944330-6CC2-47F2-8873-F987002529D1}
		{FECA642D-55CD-4DF7-962C-68E7F5C2AD29} = {7D944330-6CC2-47F2-8873-F987002529D1}
		{11C194AF-7115-4E2C-A8CB-252BC426503F} = {7D944330-6CC2-47F2-8873-F987002529D1}
		{747EE97E-B384-4F60-8607-61D34D20AFC6} = {7D944330-6CC2-47F2-8873-F987002529D1}
	EndGlobalSection
	GlobalSection(ExtensibilityGlobals) = postSolution
		SolutionGuid = {6CFAEF8C-5E50-42A2-8C00-CD3487E5BFDC}
	EndGlobalSection
EndGlobal
